
Microsoft Visual Studio Solution File, Format Version 11.00
# Visual C# Express 2010
Project("{FAE04EC0-301F-11D3-BF4B-00C04F79EFBC}") = "Diswerx", "Diswerx\Diswerx.csproj", "{C515825D-027C-4D1F-B833-5120CE875707}"
EndProject
Project("{FAE04EC0-301F-11D3-BF4B-00C04F79EFBC}") = "Networking", "Networking\Networking.csproj", "{8891C703-760E-4E5C-ADA4-D1F52F07E980}"
EndProject
Project("{FAE04EC0-301F-11D3-BF4B-00C04F79EFBC}") = "SubSurface", "SubSurface\SubSurface.csproj", "{9B7F5378-CD8B-4653-B592-26548FCDF2A2}"
EndProject
Project("{FAE04EC0-301F-11D3-BF4B-00C04F79EFBC}") = "SubControls", "SubControls\SubControls.csproj", "{8C77C471-F2F6-4799-8975-5D6726F42961}"
EndProject
Project("{FAE04EC0-301F-11D3-BF4B-00C04F79EFBC}") = "Gonzales", "Gonzales\Gonzales.csproj", "{F26FFA40-909B-4B9A-A5F8-913965C86B61}"
EndProject
Project("{FAE04EC0-301F-11D3-BF4B-00C04F79EFBC}") = "GeoTiff", "GeoTiff\GeoTiff.csproj", "{48516FE9-5D9E-489B-942B-69B0F4AD8315}"
EndProject
Project("{FAE04EC0-301F-11D3-BF4B-00C04F79EFBC}") = "DemFile", "DemFile\DemFile.csproj", "{4F4F071F-5617-4E3B-B55B-E0D889C601A8}"
EndProject
Project("{FAE04EC0-301F-11D3-BF4B-00C04F79EFBC}") = "Common", "Common\Common.csproj", "{82F94FC6-6FA9-4806-A81E-4402928EF09C}"
EndProject
Project("{FAE04EC0-301F-11D3-BF4B-00C04F79EFBC}") = "WinformExample_Monitor", "WinformExample_Monitor\WinformExample_Monitor.csproj", "{BD052729-359B-49EE-BE13-A7D4EDDA76CD}"
EndProject
Project("{FAE04EC0-301F-11D3-BF4B-00C04F79EFBC}") = "WinformExample_SAF", "WinformExample_SAF\WinformExample_SAF.csproj", "{FE92AC5B-D6C7-48F1-948B-6EC706409D48}"
EndProject
Project("{FAE04EC0-301F-11D3-BF4B-00C04F79EFBC}") = "WinformExample_DISRouter", "WinformExample_DISRouter\WinformExample_DISRouter.csproj", "{A2A9BDC6-3B1A-4FCD-83DE-F98DF2F33C53}"
EndProject
Project("{FAE04EC0-301F-11D3-BF4B-00C04F79EFBC}") = "WinformExample_Mapview3D", "WinformExample_Mapview3D\WinformExample_Mapview3D.csproj", "{85EE1FEC-78F1-4F09-94DE-FE95AEEE28E9}"
EndProject
Project("{FAE04EC0-301F-11D3-BF4B-00C04F79EFBC}") = "ShapeFile", "ShapeFile\ShapeFile.csproj", "{FD89EB8B-489B-4ADD-9DB7-FDA30B493DF0}"
EndProject
Project("{FAE04EC0-301F-11D3-BF4B-00C04F79EFBC}") = "Simulation", "Simulation\Simulation.csproj", "{917404A2-6C52-437B-B8DA-4EFC683D8601}"
EndProject
Global
	GlobalSection(SolutionConfigurationPlatforms) = preSolution
		Debug|Any CPU = Debug|Any CPU
		Debug|Mixed Platforms = Debug|Mixed Platforms
		Debug|x64 = Debug|x64
		Debug|x86 = Debug|x86
		Release|Any CPU = Release|Any CPU
		Release|Mixed Platforms = Release|Mixed Platforms
		Release|x64 = Release|x64
		Release|x86 = Release|x86
	EndGlobalSection
	GlobalSection(ProjectConfigurationPlatforms) = postSolution
		{C515825D-027C-4D1F-B833-5120CE875707}.Debug|Any CPU.ActiveCfg = Debug|x86
		{C515825D-027C-4D1F-B833-5120CE875707}.Debug|Mixed Platforms.ActiveCfg = Debug|x86
		{C515825D-027C-4D1F-B833-5120CE875707}.Debug|Mixed Platforms.Build.0 = Debug|x86
		{C515825D-027C-4D1F-B833-5120CE875707}.Debug|x64.ActiveCfg = Debug|x64
		{C515825D-027C-4D1F-B833-5120CE875707}.Debug|x86.ActiveCfg = Debug|x86
		{C515825D-027C-4D1F-B833-5120CE875707}.Debug|x86.Build.0 = Debug|x86
		{C515825D-027C-4D1F-B833-5120CE875707}.Release|Any CPU.ActiveCfg = Release|x86
		{C515825D-027C-4D1F-B833-5120CE875707}.Release|Mixed Platforms.ActiveCfg = Release|x86
		{C515825D-027C-4D1F-B833-5120CE875707}.Release|Mixed Platforms.Build.0 = Release|x86
		{C515825D-027C-4D1F-B833-5120CE875707}.Release|x64.ActiveCfg = Release|x64
		{C515825D-027C-4D1F-B833-5120CE875707}.Release|x86.ActiveCfg = Release|x86
		{C515825D-027C-4D1F-B833-5120CE875707}.Release|x86.Build.0 = Release|x86
		{8891C703-760E-4E5C-ADA4-D1F52F07E980}.Debug|Any CPU.ActiveCfg = Debug|Any CPU
		{8891C703-760E-4E5C-ADA4-D1F52F07E980}.Debug|Any CPU.Build.0 = Debug|Any CPU
		{8891C703-760E-4E5C-ADA4-D1F52F07E980}.Debug|Mixed Platforms.ActiveCfg = Debug|Any CPU
		{8891C703-760E-4E5C-ADA4-D1F52F07E980}.Debug|Mixed Platforms.Build.0 = Debug|Any CPU
		{8891C703-760E-4E5C-ADA4-D1F52F07E980}.Debug|x64.ActiveCfg = Debug|x64
		{8891C703-760E-4E5C-ADA4-D1F52F07E980}.Debug|x64.Build.0 = Debug|x64
		{8891C703-760E-4E5C-ADA4-D1F52F07E980}.Debug|x86.ActiveCfg = Debug|Any CPU
		{8891C703-760E-4E5C-ADA4-D1F52F07E980}.Release|Any CPU.ActiveCfg = Release|Any CPU
		{8891C703-760E-4E5C-ADA4-D1F52F07E980}.Release|Any CPU.Build.0 = Release|Any CPU
		{8891C703-760E-4E5C-ADA4-D1F52F07E980}.Release|Mixed Platforms.ActiveCfg = Release|Any CPU
		{8891C703-760E-4E5C-ADA4-D1F52F07E980}.Release|Mixed Platforms.Build.0 = Release|Any CPU
		{8891C703-760E-4E5C-ADA4-D1F52F07E980}.Release|x64.ActiveCfg = Release|x64
		{8891C703-760E-4E5C-ADA4-D1F52F07E980}.Release|x64.Build.0 = Release|x64
		{8891C703-760E-4E5C-ADA4-D1F52F07E980}.Release|x86.ActiveCfg = Release|x86
		{8891C703-760E-4E5C-ADA4-D1F52F07E980}.Release|x86.Build.0 = Release|x86
		{9B7F5378-CD8B-4653-B592-26548FCDF2A2}.Debug|Any CPU.ActiveCfg = Debug|Any CPU
		{9B7F5378-CD8B-4653-B592-26548FCDF2A2}.Debug|Any CPU.Build.0 = Debug|Any CPU
		{9B7F5378-CD8B-4653-B592-26548FCDF2A2}.Debug|Mixed Platforms.ActiveCfg = Debug|Any CPU
		{9B7F5378-CD8B-4653-B592-26548FCDF2A2}.Debug|Mixed Platforms.Build.0 = Debug|Any CPU
		{9B7F5378-CD8B-4653-B592-26548FCDF2A2}.Debug|x64.ActiveCfg = Debug|x64
		{9B7F5378-CD8B-4653-B592-26548FCDF2A2}.Debug|x64.Build.0 = Debug|x64
		{9B7F5378-CD8B-4653-B592-26548FCDF2A2}.Debug|x86.ActiveCfg = Debug|Any CPU
		{9B7F5378-CD8B-4653-B592-26548FCDF2A2}.Release|Any CPU.ActiveCfg = Release|Any CPU
		{9B7F5378-CD8B-4653-B592-26548FCDF2A2}.Release|Any CPU.Build.0 = Release|Any CPU
		{9B7F5378-CD8B-4653-B592-26548FCDF2A2}.Release|Mixed Platforms.ActiveCfg = Release|Any CPU
		{9B7F5378-CD8B-4653-B592-26548FCDF2A2}.Release|Mixed Platforms.Build.0 = Release|Any CPU
		{9B7F5378-CD8B-4653-B592-26548FCDF2A2}.Release|x64.ActiveCfg = Release|x64
		{9B7F5378-CD8B-4653-B592-26548FCDF2A2}.Release|x64.Build.0 = Release|x64
		{9B7F5378-CD8B-4653-B592-26548FCDF2A2}.Release|x86.ActiveCfg = Release|x86
		{9B7F5378-CD8B-4653-B592-26548FCDF2A2}.Release|x86.Build.0 = Release|x86
		{8C77C471-F2F6-4799-8975-5D6726F42961}.Debug|Any CPU.ActiveCfg = Debug|Any CPU
		{8C77C471-F2F6-4799-8975-5D6726F42961}.Debug|Any CPU.Build.0 = Debug|Any CPU
		{8C77C471-F2F6-4799-8975-5D6726F42961}.Debug|Mixed Platforms.ActiveCfg = Debug|Any CPU
		{8C77C471-F2F6-4799-8975-5D6726F42961}.Debug|Mixed Platforms.Build.0 = Debug|Any CPU
		{8C77C471-F2F6-4799-8975-5D6726F42961}.Debug|x64.ActiveCfg = Debug|x64
		{8C77C471-F2F6-4799-8975-5D6726F42961}.Debug|x64.Build.0 = Debug|x64
		{8C77C471-F2F6-4799-8975-5D6726F42961}.Debug|x86.ActiveCfg = Debug|Any CPU
		{8C77C471-F2F6-4799-8975-5D6726F42961}.Release|Any CPU.ActiveCfg = Release|Any CPU
		{8C77C471-F2F6-4799-8975-5D6726F42961}.Release|Any CPU.Build.0 = Release|Any CPU
		{8C77C471-F2F6-4799-8975-5D6726F42961}.Release|Mixed Platforms.ActiveCfg = Release|Any CPU
		{8C77C471-F2F6-4799-8975-5D6726F42961}.Release|Mixed Platforms.Build.0 = Release|Any CPU
		{8C77C471-F2F6-4799-8975-5D6726F42961}.Release|x64.ActiveCfg = Release|x64
		{8C77C471-F2F6-4799-8975-5D6726F42961}.Release|x64.Build.0 = Release|x64
		{8C77C471-F2F6-4799-8975-5D6726F42961}.Release|x86.ActiveCfg = Release|x86
		{8C77C471-F2F6-4799-8975-5D6726F42961}.Release|x86.Build.0 = Release|x86
		{F26FFA40-909B-4B9A-A5F8-913965C86B61}.Debug|Any CPU.ActiveCfg = Debug|Any CPU
		{F26FFA40-909B-4B9A-A5F8-913965C86B61}.Debug|Any CPU.Build.0 = Debug|Any CPU
		{F26FFA40-909B-4B9A-A5F8-913965C86B61}.Debug|Mixed Platforms.ActiveCfg = Debug|Any CPU
		{F26FFA40-909B-4B9A-A5F8-913965C86B61}.Debug|Mixed Platforms.Build.0 = Debug|Any CPU
		{F26FFA40-909B-4B9A-A5F8-913965C86B61}.Debug|x64.ActiveCfg = Debug|x64
		{F26FFA40-909B-4B9A-A5F8-913965C86B61}.Debug|x64.Build.0 = Debug|x64
		{F26FFA40-909B-4B9A-A5F8-913965C86B61}.Debug|x86.ActiveCfg = Debug|Any CPU
		{F26FFA40-909B-4B9A-A5F8-913965C86B61}.Release|Any CPU.ActiveCfg = Release|Any CPU
		{F26FFA40-909B-4B9A-A5F8-913965C86B61}.Release|Any CPU.Build.0 = Release|Any CPU
		{F26FFA40-909B-4B9A-A5F8-913965C86B61}.Release|Mixed Platforms.ActiveCfg = Release|Any CPU
		{F26FFA40-909B-4B9A-A5F8-913965C86B61}.Release|Mixed Platforms.Build.0 = Release|Any CPU
		{F26FFA40-909B-4B9A-A5F8-913965C86B61}.Release|x64.ActiveCfg = Release|x64
		{F26FFA40-909B-4B9A-A5F8-913965C86B61}.Release|x64.Build.0 = Release|x64
		{F26FFA40-909B-4B9A-A5F8-913965C86B61}.Release|x86.ActiveCfg = Release|x86
		{F26FFA40-909B-4B9A-A5F8-913965C86B61}.Release|x86.Build.0 = Release|x86
		{48516FE9-5D9E-489B-942B-69B0F4AD8315}.Debug|Any CPU.ActiveCfg = Debug|Any CPU
		{48516FE9-5D9E-489B-942B-69B0F4AD8315}.Debug|Any CPU.Build.0 = Debug|Any CPU
		{48516FE9-5D9E-489B-942B-69B0F4AD8315}.Debug|Mixed Platforms.ActiveCfg = Debug|Any CPU
		{48516FE9-5D9E-489B-942B-69B0F4AD8315}.Debug|Mixed Platforms.Build.0 = Debug|Any CPU
		{48516FE9-5D9E-489B-942B-69B0F4AD8315}.Debug|x64.ActiveCfg = Debug|x64
		{48516FE9-5D9E-489B-942B-69B0F4AD8315}.Debug|x64.Build.0 = Debug|x64
		{48516FE9-5D9E-489B-942B-69B0F4AD8315}.Debug|x86.ActiveCfg = Debug|Any CPU
		{48516FE9-5D9E-489B-942B-69B0F4AD8315}.Release|Any CPU.ActiveCfg = Release|Any CPU
		{48516FE9-5D9E-489B-942B-69B0F4AD8315}.Release|Any CPU.Build.0 = Release|Any CPU
		{48516FE9-5D9E-489B-942B-69B0F4AD8315}.Release|Mixed Platforms.ActiveCfg = Release|Any CPU
		{48516FE9-5D9E-489B-942B-69B0F4AD8315}.Release|Mixed Platforms.Build.0 = Release|Any CPU
		{48516FE9-5D9E-489B-942B-69B0F4AD8315}.Release|x64.ActiveCfg = Release|x64
		{48516FE9-5D9E-489B-942B-69B0F4AD8315}.Release|x64.Build.0 = Release|x64
		{48516FE9-5D9E-489B-942B-69B0F4AD8315}.Release|x86.ActiveCfg = Release|x86
		{48516FE9-5D9E-489B-942B-69B0F4AD8315}.Release|x86.Build.0 = Release|x86
		{4F4F071F-5617-4E3B-B55B-E0D889C601A8}.Debug|Any CPU.ActiveCfg = Debug|Any CPU
		{4F4F071F-5617-4E3B-B55B-E0D889C601A8}.Debug|Any CPU.Build.0 = Debug|Any CPU
		{4F4F071F-5617-4E3B-B55B-E0D889C601A8}.Debug|Mixed Platforms.ActiveCfg = Debug|Any CPU
		{4F4F071F-5617-4E3B-B55B-E0D889C601A8}.Debug|Mixed Platforms.Build.0 = Debug|Any CPU
		{4F4F071F-5617-4E3B-B55B-E0D889C601A8}.Debug|x64.ActiveCfg = Debug|x64
		{4F4F071F-5617-4E3B-B55B-E0D889C601A8}.Debug|x64.Build.0 = Debug|x64
		{4F4F071F-5617-4E3B-B55B-E0D889C601A8}.Debug|x86.ActiveCfg = Debug|Any CPU
		{4F4F071F-5617-4E3B-B55B-E0D889C601A8}.Release|Any CPU.ActiveCfg = Release|Any CPU
		{4F4F071F-5617-4E3B-B55B-E0D889C601A8}.Release|Any CPU.Build.0 = Release|Any CPU
		{4F4F071F-5617-4E3B-B55B-E0D889C601A8}.Release|Mixed Platforms.ActiveCfg = Release|Any CPU
		{4F4F071F-5617-4E3B-B55B-E0D889C601A8}.Release|Mixed Platforms.Build.0 = Release|Any CPU
		{4F4F071F-5617-4E3B-B55B-E0D889C601A8}.Release|x64.ActiveCfg = Release|x64
		{4F4F071F-5617-4E3B-B55B-E0D889C601A8}.Release|x64.Build.0 = Release|x64
		{4F4F071F-5617-4E3B-B55B-E0D889C601A8}.Release|x86.ActiveCfg = Release|x86
		{4F4F071F-5617-4E3B-B55B-E0D889C601A8}.Release|x86.Build.0 = Release|x86
		{82F94FC6-6FA9-4806-A81E-4402928EF09C}.Debug|Any CPU.ActiveCfg = Debug|x86
		{82F94FC6-6FA9-4806-A81E-4402928EF09C}.Debug|Mixed Platforms.ActiveCfg = Debug|x86
		{82F94FC6-6FA9-4806-A81E-4402928EF09C}.Debug|Mixed Platforms.Build.0 = Debug|x86
		{82F94FC6-6FA9-4806-A81E-4402928EF09C}.Debug|x64.ActiveCfg = Debug|x64
		{82F94FC6-6FA9-4806-A81E-4402928EF09C}.Debug|x86.ActiveCfg = Debug|x86
		{82F94FC6-6FA9-4806-A81E-4402928EF09C}.Debug|x86.Build.0 = Debug|x86
		{82F94FC6-6FA9-4806-A81E-4402928EF09C}.Release|Any CPU.ActiveCfg = Release|x86
		{82F94FC6-6FA9-4806-A81E-4402928EF09C}.Release|Mixed Platforms.ActiveCfg = Release|x86
		{82F94FC6-6FA9-4806-A81E-4402928EF09C}.Release|Mixed Platforms.Build.0 = Release|x86
		{82F94FC6-6FA9-4806-A81E-4402928EF09C}.Release|x64.ActiveCfg = Release|x64
		{82F94FC6-6FA9-4806-A81E-4402928EF09C}.Release|x86.ActiveCfg = Release|x86
		{82F94FC6-6FA9-4806-A81E-4402928EF09C}.Release|x86.Build.0 = Release|x86
		{BD052729-359B-49EE-BE13-A7D4EDDA76CD}.Debug|Any CPU.ActiveCfg = Debug|x86
		{BD052729-359B-49EE-BE13-A7D4EDDA76CD}.Debug|Mixed Platforms.ActiveCfg = Debug|x86
		{BD052729-359B-49EE-BE13-A7D4EDDA76CD}.Debug|Mixed Platforms.Build.0 = Debug|x86
		{BD052729-359B-49EE-BE13-A7D4EDDA76CD}.Debug|x64.ActiveCfg = Debug|x64
		{BD052729-359B-49EE-BE13-A7D4EDDA76CD}.Debug|x86.ActiveCfg = Debug|x86
		{BD052729-359B-49EE-BE13-A7D4EDDA76CD}.Debug|x86.Build.0 = Debug|x86
		{BD052729-359B-49EE-BE13-A7D4EDDA76CD}.Release|Any CPU.ActiveCfg = Release|x86
		{BD052729-359B-49EE-BE13-A7D4EDDA76CD}.Release|Mixed Platforms.ActiveCfg = Release|x86
		{BD052729-359B-49EE-BE13-A7D4EDDA76CD}.Release|Mixed Platforms.Build.0 = Release|x86
		{BD052729-359B-49EE-BE13-A7D4EDDA76CD}.Release|x64.ActiveCfg = Release|x64
		{BD052729-359B-49EE-BE13-A7D4EDDA76CD}.Release|x86.ActiveCfg = Release|x86
		{BD052729-359B-49EE-BE13-A7D4EDDA76CD}.Release|x86.Build.0 = Release|x86
		{FE92AC5B-D6C7-48F1-948B-6EC706409D48}.Debug|Any CPU.ActiveCfg = Debug|x86
		{FE92AC5B-D6C7-48F1-948B-6EC706409D48}.Debug|Mixed Platforms.ActiveCfg = Debug|x86
		{FE92AC5B-D6C7-48F1-948B-6EC706409D48}.Debug|Mixed Platforms.Build.0 = Debug|x86
		{FE92AC5B-D6C7-48F1-948B-6EC706409D48}.Debug|x64.ActiveCfg = Debug|x64
		{FE92AC5B-D6C7-48F1-948B-6EC706409D48}.Debug|x86.ActiveCfg = Debug|x86
		{FE92AC5B-D6C7-48F1-948B-6EC706409D48}.Debug|x86.Build.0 = Debug|x86
		{FE92AC5B-D6C7-48F1-948B-6EC706409D48}.Release|Any CPU.ActiveCfg = Release|x86
		{FE92AC5B-D6C7-48F1-948B-6EC706409D48}.Release|Mixed Platforms.ActiveCfg = Release|x86
		{FE92AC5B-D6C7-48F1-948B-6EC706409D48}.Release|Mixed Platforms.Build.0 = Release|x86
		{FE92AC5B-D6C7-48F1-948B-6EC706409D48}.Release|x64.ActiveCfg = Release|x64
		{FE92AC5B-D6C7-48F1-948B-6EC706409D48}.Release|x86.ActiveCfg = Release|x86
		{FE92AC5B-D6C7-48F1-948B-6EC706409D48}.Release|x86.Build.0 = Release|x86
		{A2A9BDC6-3B1A-4FCD-83DE-F98DF2F33C53}.Debug|Any CPU.ActiveCfg = Debug|x86
		{A2A9BDC6-3B1A-4FCD-83DE-F98DF2F33C53}.Debug|Mixed Platforms.ActiveCfg = Debug|x86
		{A2A9BDC6-3B1A-4FCD-83DE-F98DF2F33C53}.Debug|Mixed Platforms.Build.0 = Debug|x86
		{A2A9BDC6-3B1A-4FCD-83DE-F98DF2F33C53}.Debug|x64.ActiveCfg = Debug|x64
		{A2A9BDC6-3B1A-4FCD-83DE-F98DF2F33C53}.Debug|x86.ActiveCfg = Debug|x86
		{A2A9BDC6-3B1A-4FCD-83DE-F98DF2F33C53}.Debug|x86.Build.0 = Debug|x86
		{A2A9BDC6-3B1A-4FCD-83DE-F98DF2F33C53}.Release|Any CPU.ActiveCfg = Release|x86
		{A2A9BDC6-3B1A-4FCD-83DE-F98DF2F33C53}.Release|Mixed Platforms.ActiveCfg = Release|x86
		{A2A9BDC6-3B1A-4FCD-83DE-F98DF2F33C53}.Release|Mixed Platforms.Build.0 = Release|x86
		{A2A9BDC6-3B1A-4FCD-83DE-F98DF2F33C53}.Release|x64.ActiveCfg = Release|x64
		{A2A9BDC6-3B1A-4FCD-83DE-F98DF2F33C53}.Release|x86.ActiveCfg = Release|x86
		{A2A9BDC6-3B1A-4FCD-83DE-F98DF2F33C53}.Release|x86.Build.0 = Release|x86
		{85EE1FEC-78F1-4F09-94DE-FE95AEEE28E9}.Debug|Any CPU.ActiveCfg = Debug|x86
		{85EE1FEC-78F1-4F09-94DE-FE95AEEE28E9}.Debug|Mixed Platforms.ActiveCfg = Debug|x86
		{85EE1FEC-78F1-4F09-94DE-FE95AEEE28E9}.Debug|Mixed Platforms.Build.0 = Debug|x86
		{85EE1FEC-78F1-4F09-94DE-FE95AEEE28E9}.Debug|x64.ActiveCfg = Debug|x64
		{85EE1FEC-78F1-4F09-94DE-FE95AEEE28E9}.Debug|x86.ActiveCfg = Debug|x86
		{85EE1FEC-78F1-4F09-94DE-FE95AEEE28E9}.Debug|x86.Build.0 = Debug|x86
		{85EE1FEC-78F1-4F09-94DE-FE95AEEE28E9}.Release|Any CPU.ActiveCfg = Release|x86
		{85EE1FEC-78F1-4F09-94DE-FE95AEEE28E9}.Release|Mixed Platforms.ActiveCfg = Release|x86
		{85EE1FEC-78F1-4F09-94DE-FE95AEEE28E9}.Release|Mixed Platforms.Build.0 = Release|x86
		{85EE1FEC-78F1-4F09-94DE-FE95AEEE28E9}.Release|x64.ActiveCfg = Release|x64
		{85EE1FEC-78F1-4F09-94DE-FE95AEEE28E9}.Release|x86.ActiveCfg = Release|x86
		{85EE1FEC-78F1-4F09-94DE-FE95AEEE28E9}.Release|x86.Build.0 = Release|x86
		{FD89EB8B-489B-4ADD-9DB7-FDA30B493DF0}.Debug|Any CPU.ActiveCfg = Debug|Any CPU
		{FD89EB8B-489B-4ADD-9DB7-FDA30B493DF0}.Debug|Any CPU.Build.0 = Debug|Any CPU
		{FD89EB8B-489B-4ADD-9DB7-FDA30B493DF0}.Debug|Mixed Platforms.ActiveCfg = Debug|Any CPU
		{FD89EB8B-489B-4ADD-9DB7-FDA30B493DF0}.Debug|Mixed Platforms.Build.0 = Debug|Any CPU
		{FD89EB8B-489B-4ADD-9DB7-FDA30B493DF0}.Debug|x64.ActiveCfg = Debug|x64
		{FD89EB8B-489B-4ADD-9DB7-FDA30B493DF0}.Debug|x64.Build.0 = Debug|x64
		{FD89EB8B-489B-4ADD-9DB7-FDA30B493DF0}.Debug|x86.ActiveCfg = Debug|Any CPU
		{FD89EB8B-489B-4ADD-9DB7-FDA30B493DF0}.Release|Any CPU.ActiveCfg = Release|Any CPU
		{FD89EB8B-489B-4ADD-9DB7-FDA30B493DF0}.Release|Any CPU.Build.0 = Release|Any CPU
		{FD89EB8B-489B-4ADD-9DB7-FDA30B493DF0}.Release|Mixed Platforms.ActiveCfg = Release|Any CPU
		{FD89EB8B-489B-4ADD-9DB7-FDA30B493DF0}.Release|Mixed Platforms.Build.0 = Release|Any CPU
		{FD89EB8B-489B-4ADD-9DB7-FDA30B493DF0}.Release|x64.ActiveCfg = Release|x64
		{FD89EB8B-489B-4ADD-9DB7-FDA30B493DF0}.Release|x64.Build.0 = Release|x64
		{FD89EB8B-489B-4ADD-9DB7-FDA30B493DF0}.Release|x86.ActiveCfg = Release|Any CPU
		{917404A2-6C52-437B-B8DA-4EFC683D8601}.Debug|Any CPU.ActiveCfg = Debug|Any CPU
		{917404A2-6C52-437B-B8DA-4EFC683D8601}.Debug|Any CPU.Build.0 = Debug|Any CPU
		{917404A2-6C52-437B-B8DA-4EFC683D8601}.Debug|Mixed Platforms.ActiveCfg = Debug|Any CPU
		{917404A2-6C52-437B-B8DA-4EFC683D8601}.Debug|Mixed Platforms.Build.0 = Debug|Any CPU
		{917404A2-6C52-437B-B8DA-4EFC683D8601}.Debug|x64.ActiveCfg = Debug|x64
		{917404A2-6C52-437B-B8DA-4EFC683D8601}.Debug|x64.Build.0 = Debug|x64
		{917404A2-6C52-437B-B8DA-4EFC683D8601}.Debug|x86.ActiveCfg = Debug|Any CPU
		{917404A2-6C52-437B-B8DA-4EFC683D8601}.Release|Any CPU.ActiveCfg = Release|Any CPU
		{917404A2-6C52-437B-B8DA-4EFC683D8601}.Release|Any CPU.Build.0 = Release|Any CPU
		{917404A2-6C52-437B-B8DA-4EFC683D8601}.Release|Mixed Platforms.ActiveCfg = Release|Any CPU
		{917404A2-6C52-437B-B8DA-4EFC683D8601}.Release|Mixed Platforms.Build.0 = Release|Any CPU
		{917404A2-6C52-437B-B8DA-4EFC683D8601}.Release|x64.ActiveCfg = Release|x64
		{917404A2-6C52-437B-B8DA-4EFC683D8601}.Release|x64.Build.0 = Release|x64
		{917404A2-6C52-437B-B8DA-4EFC683D8601}.Release|x86.ActiveCfg = Release|Any CPU
	EndGlobalSection
	GlobalSection(SolutionProperties) = preSolution
		HideSolutionNode = FALSE
	EndGlobalSection
EndGlobal
